
Microsoft Visual Studio Solution File, Format Version 12.00
# Visual Studio Version 17
VisualStudioVersion = 17.3.32922.545
MinimumVisualStudioVersion = 10.0.40219.1
Project("{9A19103F-16F7-4668-BE54-9A1E7A4F7556}") = "BankingWebApp", "BankingWebApp\BankingWebApp.csproj", "{A90FE3F6-CCDF-4ABE-800C-49E8CF08EFBB}"
EndProject
Project("{9A19103F-16F7-4668-BE54-9A1E7A4F7556}") = "DAL", "DAL\DAL.csproj", "{E946D4DC-3EE2-43F4-B1BD-98E5B06AE6D1}"
EndProject
Project("{9A19103F-16F7-4668-BE54-9A1E7A4F7556}") = "DTO", "DTO\DTO.csproj", "{0E74E5C3-013D-4853-AED3-4FAD54A59828}"
EndProject
Project("{9A19103F-16F7-4668-BE54-9A1E7A4F7556}") = "BLL", "BLL\BLL.csproj", "{8A720115-DDC2-48C4-A923-F64C56235517}"
EndProject
Global
	GlobalSection(SolutionConfigurationPlatforms) = preSolution
		Debug|Any CPU = Debug|Any CPU
		Release|Any CPU = Release|Any CPU
	EndGlobalSection
	GlobalSection(ProjectConfigurationPlatforms) = postSolution
		{A90FE3F6-CCDF-4ABE-800C-49E8CF08EFBB}.Debug|Any CPU.ActiveCfg = Debug|Any CPU
		{A90FE3F6-CCDF-4ABE-800C-49E8CF08EFBB}.Debug|Any CPU.Build.0 = Debug|Any CPU
		{A90FE3F6-CCDF-4ABE-800C-49E8CF08EFBB}.Release|Any CPU.ActiveCfg = Release|Any CPU
		{A90FE3F6-CCDF-4ABE-800C-49E8CF08EFBB}.Release|Any CPU.Build.0 = Release|Any CPU
		{E946D4DC-3EE2-43F4-B1BD-98E5B06AE6D1}.Debug|Any CPU.ActiveCfg = Debug|Any CPU
		{E946D4DC-3EE2-43F4-B1BD-98E5B06AE6D1}.Debug|Any CPU.Build.0 = Debug|Any CPU
		{E946D4DC-3EE2-43F4-B1BD-98E5B06AE6D1}.Release|Any CPU.ActiveCfg = Release|Any CPU
		{E946D4DC-3EE2-43F4-B1BD-98E5B06AE6D1}.Release|Any CPU.Build.0 = Release|Any CPU
		{0E74E5C3-013D-4853-AED3-4FAD54A59828}.Debug|Any CPU.ActiveCfg = Debug|Any CPU
		{0E74E5C3-013D-4853-AED3-4FAD54A59828}.Debug|Any CPU.Build.0 = Debug|Any CPU
		{0E74E5C3-013D-4853-AED3-4FAD54A59828}.Release|Any CPU.ActiveCfg = Release|Any CPU
		{0E74E5C3-013D-4853-AED3-4FAD54A59828}.Release|Any CPU.Build.0 = Release|Any CPU
		{8A720115-DDC2-48C4-A923-F64C56235517}.Debug|Any CPU.ActiveCfg = Debug|Any CPU
		{8A720115-DDC2-48C4-A923-F64C56235517}.Debug|Any CPU.Build.0 = Debug|Any CPU
		{8A720115-DDC2-48C4-A923-F64C56235517}.Release|Any CPU.ActiveCfg = Release|Any CPU
		{8A720115-DDC2-48C4-A923-F64C56235517}.Release|Any CPU.Build.0 = Release|Any CPU
	EndGlobalSection
	GlobalSection(SolutionProperties) = preSolution
		HideSolutionNode = FALSE
	EndGlobalSection
	GlobalSection(ExtensibilityGlobals) = postSolution
		SolutionGuid = {14845BE6-2D9C-4B22-BD28-5FCE73041A36}
	EndGlobalSection
EndGlobal
